<?xml version="1.0" encoding="utf-8"?>
<Project ToolsVersion="4.0" xmlns="http://schemas.microsoft.com/developer/msbuild/2003">
  <ItemGroup>
    <None Include="packages.config" />
    <None Include="..\..\..\..\include\bitcoin\blockchain\impl\htdb_slab_list_item.ipp">
      <Filter>include\bitcoin\blockchain\impl</Filter>
    </None>
    <None Include="..\..\..\..\include\bitcoin\blockchain\impl\multimap_records.ipp">
      <Filter>include\bitcoin\blockchain\impl</Filter>
    </None>
    <None Include="..\..\..\..\include\bitcoin\blockchain\impl\disk_array.ipp">
      <Filter>include\bitcoin\blockchain\impl</Filter>
    </None>
    <None Include="..\..\..\..\include\bitcoin\blockchain\impl\htdb_record.ipp">
      <Filter>include\bitcoin\blockchain\impl</Filter>
    </None>
    <None Include="..\..\..\..\include\bitcoin\blockchain\impl\htdb_record_list_item.ipp">
      <Filter>include\bitcoin\blockchain\impl</Filter>
    </None>
    <None Include="..\..\..\..\include\bitcoin\blockchain\impl\htdb_slab.ipp">
      <Filter>include\bitcoin\blockchain\impl</Filter>
    </None>
    <None Include="..\..\..\..\include\bitcoin\blockchain\impl\remainder.ipp">
      <Filter>include\bitcoin\blockchain\impl</Filter>
    </None>
  </ItemGroup>
  <ItemGroup>
    <Filter Include="include">
      <UniqueIdentifier>{79a8a2b4-6eb3-4cab-844e-acf6e0e814cd}</UniqueIdentifier>
    </Filter>
    <Filter Include="include\bitcoin">
      <UniqueIdentifier>{89f3cbbd-4c5a-4487-b2a4-c93cd92b293a}</UniqueIdentifier>
    </Filter>
    <Filter Include="include\bitcoin\blockchain">
      <UniqueIdentifier>{356d1865-6d0e-4ffc-8cf7-79ad3ecbe210}</UniqueIdentifier>
    </Filter>
    <Filter Include="include\bitcoin\blockchain\database">
      <UniqueIdentifier>{8e05b6b3-8348-4942-8e4e-b2ca14cd935e}</UniqueIdentifier>
    </Filter>
    <Filter Include="include\bitcoin\blockchain\impl">
      <UniqueIdentifier>{87788efd-4a32-4f32-86d1-73e33c4173e3}</UniqueIdentifier>
    </Filter>
    <Filter Include="src">
      <UniqueIdentifier>{df47e8ff-c5fb-45eb-bca4-9b7b04cd0637}</UniqueIdentifier>
    </Filter>
    <Filter Include="src\database">
      <UniqueIdentifier>{0f53f3ba-5415-4635-9b3c-f594ea8dab60}</UniqueIdentifier>
    </Filter>
    <Filter Include="src\database\mman-win32">
      <UniqueIdentifier>{2a5cbc8e-58bf-437f-b5ec-6c58d6e5a2ec}</UniqueIdentifier>
    </Filter>
    <Filter Include="include\bitcoin\blockchain\database\slab">
      <UniqueIdentifier>{3d43a039-0521-494b-a3ca-7d497f697bf5}</UniqueIdentifier>
    </Filter>
    <Filter Include="include\bitcoin\blockchain\database\record">
      <UniqueIdentifier>{69f93e8a-5f3e-4c96-bef4-f0515ff70564}</UniqueIdentifier>
    </Filter>
    <Filter Include="include\bitcoin\blockchain\database\database">
      <UniqueIdentifier>{d13386da-bdc0-46ae-a722-aadcbde21646}</UniqueIdentifier>
    </Filter>
    <Filter Include="include\bitcoin\blockchain\database\disk">
      <UniqueIdentifier>{2e838da6-be77-4147-84ca-7d905cb11704}</UniqueIdentifier>
    </Filter>
    <Filter Include="src\database\database">
      <UniqueIdentifier>{699a26a5-4af7-4505-9aeb-0562caa4e3a5}</UniqueIdentifier>
    </Filter>
    <Filter Include="src\database\disk">
      <UniqueIdentifier>{f193da0a-1a94-4deb-b781-485501d56579}</UniqueIdentifier>
    </Filter>
    <Filter Include="src\database\record">
      <UniqueIdentifier>{2708a111-200b-486a-92b9-4e21faeef350}</UniqueIdentifier>
    </Filter>
    <Filter Include="src\database\slab">
      <UniqueIdentifier>{81b1544f-4dc7-4120-9fcc-294d0458f83f}</UniqueIdentifier>
    </Filter>
    <Filter Include="src\implementation">
      <UniqueIdentifier>{e0bb57d3-a8d3-431b-8534-ee6112cb761d}</UniqueIdentifier>
    </Filter>
    <Filter Include="include\bitcoin\blockchain\implementation">
      <UniqueIdentifier>{1c07bf35-eb8a-4ef7-8e73-6ea432dabd30}</UniqueIdentifier>
    </Filter>
  </ItemGroup>
  <ItemGroup>
    <ClInclude Include="..\..\..\..\include\bitcoin\blockchain.hpp">
      <Filter>include\bitcoin</Filter>
    </ClInclude>
    <ClInclude Include="..\..\..\..\include\bitcoin\blockchain\define.hpp">
      <Filter>include\bitcoin\blockchain</Filter>
    </ClInclude>
    <ClInclude Include="..\..\..\..\include\bitcoin\blockchain\organizer.hpp">
      <Filter>include\bitcoin\blockchain</Filter>
    </ClInclude>
    <ClInclude Include="..\..\..\..\include\bitcoin\blockchain\db_interface.hpp">
      <Filter>include\bitcoin\blockchain</Filter>
    </ClInclude>
    <ClInclude Include="..\..\..\..\include\bitcoin\blockchain\blockchain.hpp">
      <Filter>include\bitcoin\blockchain</Filter>
    </ClInclude>
    <ClInclude Include="..\..\..\..\include\bitcoin\blockchain\transaction_pool.hpp">
      <Filter>include\bitcoin\blockchain</Filter>
    </ClInclude>
    <ClInclude Include="..\..\..\..\src\database\mman-win32\mman.h">
      <Filter>src\database\mman-win32</Filter>
    </ClInclude>
    <ClInclude Include="..\..\..\..\include\bitcoin\blockchain\version.hpp">
      <Filter>include\bitcoin\blockchain</Filter>
    </ClInclude>
    <ClInclude Include="..\..\..\..\include\bitcoin\blockchain\database\htdb_slab.hpp">
      <Filter>include\bitcoin\blockchain\database\slab</Filter>
    </ClInclude>
    <ClInclude Include="..\..\..\..\include\bitcoin\blockchain\database\slab_allocator.hpp">
      <Filter>include\bitcoin\blockchain\database\slab</Filter>
    </ClInclude>
    <ClInclude Include="..\..\..\..\include\bitcoin\blockchain\database\htdb_record.hpp">
      <Filter>include\bitcoin\blockchain\database\record</Filter>
    </ClInclude>
    <ClInclude Include="..\..\..\..\include\bitcoin\blockchain\database\record_allocator.hpp">
      <Filter>include\bitcoin\blockchain\database\record</Filter>
    </ClInclude>
    <ClInclude Include="..\..\..\..\include\bitcoin\blockchain\database\transaction_database.hpp">
      <Filter>include\bitcoin\blockchain\database\database</Filter>
    </ClInclude>
    <ClInclude Include="..\..\..\..\include\bitcoin\blockchain\database\stealth_database.hpp">
      <Filter>include\bitcoin\blockchain\database\database</Filter>
    </ClInclude>
    <ClInclude Include="..\..\..\..\include\bitcoin\blockchain\database\spend_database.hpp">
      <Filter>include\bitcoin\blockchain\database\database</Filter>
    </ClInclude>
    <ClInclude Include="..\..\..\..\include\bitcoin\blockchain\database\history_database.hpp">
      <Filter>include\bitcoin\blockchain\database\database</Filter>
    </ClInclude>
    <ClInclude Include="..\..\..\..\include\bitcoin\blockchain\database\block_database.hpp">
      <Filter>include\bitcoin\blockchain\database\database</Filter>
    </ClInclude>
    <ClInclude Include="..\..\..\..\include\bitcoin\blockchain\database\mmfile.hpp">
      <Filter>include\bitcoin\blockchain\database\disk</Filter>
    </ClInclude>
    <ClInclude Include="..\..\..\..\include\bitcoin\blockchain\database\disk_array.hpp">
      <Filter>include\bitcoin\blockchain\database\disk</Filter>
    </ClInclude>
    <ClInclude Include="..\..\..\..\include\bitcoin\blockchain\database\linked_records.hpp">
      <Filter>include\bitcoin\blockchain\database\record</Filter>
    </ClInclude>
    <ClInclude Include="..\..\..\..\include\bitcoin\blockchain\database\multimap_records.hpp">
      <Filter>include\bitcoin\blockchain\database\record</Filter>
    </ClInclude>
    <ClInclude Include="..\..\..\..\include\bitcoin\blockchain\orphans_pool.hpp">
      <Filter>include\bitcoin\blockchain</Filter>
    </ClInclude>
    <ClInclude Include="..\..\..\..\include\bitcoin\blockchain\simple_chain.hpp">
      <Filter>include\bitcoin\blockchain</Filter>
    </ClInclude>
    <ClInclude Include="..\..\..\..\include\bitcoin\blockchain\block_detail.hpp">
      <Filter>include\bitcoin\blockchain</Filter>
    </ClInclude>
    <ClInclude Include="..\..\..\..\include\bitcoin\blockchain\validate_transaction.hpp">
      <Filter>include\bitcoin\blockchain</Filter>
    </ClInclude>
    <ClInclude Include="..\..\..\..\include\bitcoin\blockchain\validate_block.hpp">
      <Filter>include\bitcoin\blockchain</Filter>
    </ClInclude>
    <ClInclude Include="..\..\..\..\include\bitcoin\blockchain\implementation\simple_chain_impl.hpp">
      <Filter>include\bitcoin\blockchain\implementation</Filter>
    </ClInclude>
    <ClInclude Include="..\..\..\..\include\bitcoin\blockchain\implementation\validate_block_impl.hpp">
      <Filter>include\bitcoin\blockchain\implementation</Filter>
    </ClInclude>
    <ClInclude Include="..\..\..\..\include\bitcoin\blockchain\implementation\blockchain_impl.hpp">
      <Filter>include\bitcoin\blockchain\implementation</Filter>
    </ClInclude>
    <ClInclude Include="..\..\..\..\include\bitcoin\blockchain\implementation\organizer_impl.hpp">
      <Filter>include\bitcoin\blockchain\implementation</Filter>
    </ClInclude>
    <ClInclude Include="..\..\..\..\include\bitcoin\blockchain\fetch_block.hpp">
      <Filter>include\bitcoin\blockchain</Filter>
    </ClInclude>
    <ClInclude Include="..\..\..\..\include\bitcoin\blockchain\fetch_block_locator.hpp">
      <Filter>include\bitcoin\blockchain</Filter>
    </ClInclude>
  </ItemGroup>
  <ItemGroup>
    <ClCompile Include="..\..\..\..\src\organizer.cpp">
      <Filter>src</Filter>
    </ClCompile>
    <ClCompile Include="..\..\..\..\src\db_interface.cpp">
      <Filter>src</Filter>
    </ClCompile>
    <ClCompile Include="..\..\..\..\src\blockchain.cpp">
      <Filter>src</Filter>
    </ClCompile>
    <ClCompile Include="..\..\..\..\src\transaction_pool.cpp">
      <Filter>src</Filter>
    </ClCompile>
    <ClCompile Include="..\..\..\..\src\checkpoints.cpp">
      <Filter>src</Filter>
    </ClCompile>
    <ClCompile Include="..\..\..\..\src\database\mman-win32\mman.c">
      <Filter>src\database\mman-win32</Filter>
    </ClCompile>
    <ClCompile Include="..\..\..\..\src\database\block_database.cpp">
      <Filter>src\database\database</Filter>
    </ClCompile>
    <ClCompile Include="..\..\..\..\src\database\history_database.cpp">
      <Filter>src\database\database</Filter>
    </ClCompile>
    <ClCompile Include="..\..\..\..\src\database\spend_database.cpp">
      <Filter>src\database\database</Filter>
    </ClCompile>
    <ClCompile Include="..\..\..\..\src\database\stealth_database.cpp">
      <Filter>src\database\database</Filter>
    </ClCompile>
    <ClCompile Include="..\..\..\..\src\database\transaction_database.cpp">
      <Filter>src\database\database</Filter>
    </ClCompile>
    <ClCompile Include="..\..\..\..\src\database\mmfile.cpp">
      <Filter>src\database\disk</Filter>
    </ClCompile>
    <ClCompile Include="..\..\..\..\src\database\slab_allocator.cpp">
      <Filter>src\database\slab</Filter>
    </ClCompile>
    <ClCompile Include="..\..\..\..\src\database\record_allocator.cpp">
      <Filter>src\database\record</Filter>
    </ClCompile>
    <ClCompile Include="..\..\..\..\src\database\multimap_records.cpp">
      <Filter>src\database\record</Filter>
    </ClCompile>
    <ClCompile Include="..\..\..\..\src\database\linked_records.cpp">
      <Filter>src\database\record</Filter>
    </ClCompile>
    <ClCompile Include="..\..\..\..\src\orphans_pool.cpp">
      <Filter>src</Filter>
    </ClCompile>
    <ClCompile Include="..\..\..\..\src\block_detail.cpp">
      <Filter>src</Filter>
    </ClCompile>
    <ClCompile Include="..\..\..\..\src\validate_transaction.cpp">
      <Filter>src</Filter>
    </ClCompile>
    <ClCompile Include="..\..\..\..\src\validate_block.cpp">
      <Filter>src</Filter>
    </ClCompile>
    <ClCompile Include="..\..\..\..\src\implementation\organizer_impl.cpp">
      <Filter>src\implementation</Filter>
    </ClCompile>
    <ClCompile Include="..\..\..\..\src\implementation\simple_chain_impl.cpp">
      <Filter>src\implementation</Filter>
    </ClCompile>
    <ClCompile Include="..\..\..\..\src\implementation\validate_block_impl.cpp">
      <Filter>src\implementation</Filter>
    </ClCompile>
    <ClCompile Include="..\..\..\..\src\implementation\blockchain_impl.cpp">
      <Filter>src\implementation</Filter>
    </ClCompile>
    <ClCompile Include="..\..\..\..\src\fetch_block.cpp">
      <Filter>src</Filter>
    </ClCompile>
    <ClCompile Include="..\..\..\..\src\fetch_block_locator.cpp">
      <Filter>src</Filter>
    </ClCompile>
  </ItemGroup>
</Project>