<?xml version="1.0" encoding="utf-8"?>
<!--
 |  Copyright (c) 2014-2018 libbitcoin-blockchain developers (see COPYING).
 |
 |         GENERATED SOURCE CODE, DO NOT EDIT EXCEPT EXPERIMENTALLY
 |
 -->
<Project DefaultTargets="Build" ToolsVersion="12.0" xmlns="http://schemas.microsoft.com/developer/msbuild/2003">
  <ItemGroup>
    <Filter Include="include">
      <UniqueIdentifier>{868DAB9E-FD33-497F-0000-000000000006}</UniqueIdentifier>
    </Filter>
    <Filter Include="include\bitcoin">
      <UniqueIdentifier>{868DAB9E-FD33-497F-0000-000000000007}</UniqueIdentifier>
    </Filter>
    <Filter Include="include\bitcoin\blockchain">
      <UniqueIdentifier>{868DAB9E-FD33-497F-0000-000000000008}</UniqueIdentifier>
    </Filter>
    <Filter Include="include\bitcoin\blockchain\interface">
      <UniqueIdentifier>{868DAB9E-FD33-497F-0000-000000000009}</UniqueIdentifier>
    </Filter>
    <Filter Include="include\bitcoin\blockchain\organizers">
      <UniqueIdentifier>{868DAB9E-FD33-497F-0000-00000000000A}</UniqueIdentifier>
    </Filter>
    <Filter Include="include\bitcoin\blockchain\pools">
      <UniqueIdentifier>{868DAB9E-FD33-497F-0000-00000000000B}</UniqueIdentifier>
    </Filter>
    <Filter Include="include\bitcoin\blockchain\populate">
      <UniqueIdentifier>{868DAB9E-FD33-497F-0000-00000000000C}</UniqueIdentifier>
    </Filter>
    <Filter Include="include\bitcoin\blockchain\validate">
      <UniqueIdentifier>{868DAB9E-FD33-497F-0000-00000000000D}</UniqueIdentifier>
    </Filter>
    <Filter Include="resource">
      <UniqueIdentifier>{868DAB9E-FD33-497F-0000-00000000000E}</UniqueIdentifier>
    </Filter>
    <Filter Include="src">
      <UniqueIdentifier>{868DAB9E-FD33-497F-0000-000000000000}</UniqueIdentifier>
    </Filter>
    <Filter Include="src\interface">
      <UniqueIdentifier>{868DAB9E-FD33-497F-0000-000000000001}</UniqueIdentifier>
    </Filter>
    <Filter Include="src\organizers">
      <UniqueIdentifier>{868DAB9E-FD33-497F-0000-000000000002}</UniqueIdentifier>
    </Filter>
    <Filter Include="src\pools">
      <UniqueIdentifier>{868DAB9E-FD33-497F-0000-000000000003}</UniqueIdentifier>
    </Filter>
    <Filter Include="src\populate">
      <UniqueIdentifier>{868DAB9E-FD33-497F-0000-000000000004}</UniqueIdentifier>
    </Filter>
    <Filter Include="src\validate">
      <UniqueIdentifier>{868DAB9E-FD33-497F-0000-000000000005}</UniqueIdentifier>
    </Filter>
  </ItemGroup>
  <ItemGroup>
    <ClCompile Include="..\..\..\..\src\interface\block_chain.cpp">
      <Filter>src\interface</Filter>
    </ClCompile>
    <ClCompile Include="..\..\..\..\src\organizers\organize_block.cpp">
      <Filter>src\organizers</Filter>
    </ClCompile>
    <ClCompile Include="..\..\..\..\src\organizers\organize_header.cpp">
      <Filter>src\organizers</Filter>
    </ClCompile>
    <ClCompile Include="..\..\..\..\src\organizers\organize_transaction.cpp">
      <Filter>src\organizers</Filter>
    </ClCompile>
    <ClCompile Include="..\..\..\..\src\pools\anchor_converter.cpp">
      <Filter>src\pools</Filter>
    </ClCompile>
    <ClCompile Include="..\..\..\..\src\pools\block_entry.cpp">
      <Filter>src\pools</Filter>
    </ClCompile>
    <ClCompile Include="..\..\..\..\src\pools\block_pool.cpp">
      <Filter>src\pools</Filter>
    </ClCompile>
    <ClCompile Include="..\..\..\..\src\pools\child_closure_calculator.cpp">
      <Filter>src\pools</Filter>
    </ClCompile>
    <ClCompile Include="..\..\..\..\src\pools\conflicting_spend_remover.cpp">
      <Filter>src\pools</Filter>
    </ClCompile>
    <ClCompile Include="..\..\..\..\src\pools\header_branch.cpp">
      <Filter>src\pools</Filter>
    </ClCompile>
    <ClCompile Include="..\..\..\..\src\pools\header_entry.cpp">
      <Filter>src\pools</Filter>
    </ClCompile>
    <ClCompile Include="..\..\..\..\src\pools\header_pool.cpp">
      <Filter>src\pools</Filter>
    </ClCompile>
    <ClCompile Include="..\..\..\..\src\pools\parent_closure_calculator.cpp">
      <Filter>src\pools</Filter>
    </ClCompile>
    <ClCompile Include="..\..\..\..\src\pools\priority_calculator.cpp">
      <Filter>src\pools</Filter>
    </ClCompile>
    <ClCompile Include="..\..\..\..\src\pools\stack_evaluator.cpp">
      <Filter>src\pools</Filter>
    </ClCompile>
    <ClCompile Include="..\..\..\..\src\pools\transaction_entry.cpp">
      <Filter>src\pools</Filter>
    </ClCompile>
    <ClCompile Include="..\..\..\..\src\pools\transaction_order_calculator.cpp">
      <Filter>src\pools</Filter>
    </ClCompile>
    <ClCompile Include="..\..\..\..\src\pools\transaction_pool.cpp">
      <Filter>src\pools</Filter>
    </ClCompile>
    <ClCompile Include="..\..\..\..\src\pools\transaction_pool_state.cpp">
      <Filter>src\pools</Filter>
    </ClCompile>
    <ClCompile Include="..\..\..\..\src\populate\populate_base.cpp">
      <Filter>src\populate</Filter>
    </ClCompile>
    <ClCompile Include="..\..\..\..\src\populate\populate_block.cpp">
      <Filter>src\populate</Filter>
    </ClCompile>
    <ClCompile Include="..\..\..\..\src\populate\populate_chain_state.cpp">
      <Filter>src\populate</Filter>
    </ClCompile>
    <ClCompile Include="..\..\..\..\src\populate\populate_header.cpp">
      <Filter>src\populate</Filter>
    </ClCompile>
    <ClCompile Include="..\..\..\..\src\populate\populate_transaction.cpp">
      <Filter>src\populate</Filter>
    </ClCompile>
    <ClCompile Include="..\..\..\..\src\settings.cpp">
      <Filter>src</Filter>
    </ClCompile>
    <ClCompile Include="..\..\..\..\src\validate\validate_block.cpp">
      <Filter>src\validate</Filter>
    </ClCompile>
    <ClCompile Include="..\..\..\..\src\validate\validate_header.cpp">
      <Filter>src\validate</Filter>
    </ClCompile>
    <ClCompile Include="..\..\..\..\src\validate\validate_input.cpp">
      <Filter>src\validate</Filter>
    </ClCompile>
    <ClCompile Include="..\..\..\..\src\validate\validate_transaction.cpp">
      <Filter>src\validate</Filter>
    </ClCompile>
  </ItemGroup>
  <ItemGroup>
    <ClInclude Include="..\..\..\..\include\bitcoin\blockchain.hpp">
      <Filter>include\bitcoin</Filter>
    </ClInclude>
    <ClInclude Include="..\..\..\..\include\bitcoin\blockchain\define.hpp">
      <Filter>include\bitcoin\blockchain</Filter>
    </ClInclude>
    <ClInclude Include="..\..\..\..\include\bitcoin\blockchain\interface\block_chain.hpp">
      <Filter>include\bitcoin\blockchain\interface</Filter>
    </ClInclude>
    <ClInclude Include="..\..\..\..\include\bitcoin\blockchain\interface\fast_chain.hpp">
      <Filter>include\bitcoin\blockchain\interface</Filter>
    </ClInclude>
    <ClInclude Include="..\..\..\..\include\bitcoin\blockchain\interface\safe_chain.hpp">
      <Filter>include\bitcoin\blockchain\interface</Filter>
    </ClInclude>
    <ClInclude Include="..\..\..\..\include\bitcoin\blockchain\organizers\organize_block.hpp">
      <Filter>include\bitcoin\blockchain\organizers</Filter>
    </ClInclude>
    <ClInclude Include="..\..\..\..\include\bitcoin\blockchain\organizers\organize_header.hpp">
      <Filter>include\bitcoin\blockchain\organizers</Filter>
    </ClInclude>
    <ClInclude Include="..\..\..\..\include\bitcoin\blockchain\organizers\organize_transaction.hpp">
      <Filter>include\bitcoin\blockchain\organizers</Filter>
    </ClInclude>
    <ClInclude Include="..\..\..\..\include\bitcoin\blockchain\pools\anchor_converter.hpp">
      <Filter>include\bitcoin\blockchain\pools</Filter>
    </ClInclude>
    <ClInclude Include="..\..\..\..\include\bitcoin\blockchain\pools\block_entry.hpp">
      <Filter>include\bitcoin\blockchain\pools</Filter>
    </ClInclude>
    <ClInclude Include="..\..\..\..\include\bitcoin\blockchain\pools\block_pool.hpp">
      <Filter>include\bitcoin\blockchain\pools</Filter>
    </ClInclude>
    <ClInclude Include="..\..\..\..\include\bitcoin\blockchain\pools\child_closure_calculator.hpp">
      <Filter>include\bitcoin\blockchain\pools</Filter>
    </ClInclude>
    <ClInclude Include="..\..\..\..\include\bitcoin\blockchain\pools\conflicting_spend_remover.hpp">
      <Filter>include\bitcoin\blockchain\pools</Filter>
    </ClInclude>
    <ClInclude Include="..\..\..\..\include\bitcoin\blockchain\pools\header_branch.hpp">
      <Filter>include\bitcoin\blockchain\pools</Filter>
    </ClInclude>
    <ClInclude Include="..\..\..\..\include\bitcoin\blockchain\pools\header_entry.hpp">
      <Filter>include\bitcoin\blockchain\pools</Filter>
    </ClInclude>
    <ClInclude Include="..\..\..\..\include\bitcoin\blockchain\pools\header_pool.hpp">
      <Filter>include\bitcoin\blockchain\pools</Filter>
    </ClInclude>
    <ClInclude Include="..\..\..\..\include\bitcoin\blockchain\pools\parent_closure_calculator.hpp">
      <Filter>include\bitcoin\blockchain\pools</Filter>
    </ClInclude>
    <ClInclude Include="..\..\..\..\include\bitcoin\blockchain\pools\priority_calculator.hpp">
      <Filter>include\bitcoin\blockchain\pools</Filter>
    </ClInclude>
    <ClInclude Include="..\..\..\..\include\bitcoin\blockchain\pools\stack_evaluator.hpp">
      <Filter>include\bitcoin\blockchain\pools</Filter>
    </ClInclude>
    <ClInclude Include="..\..\..\..\include\bitcoin\blockchain\pools\transaction_entry.hpp">
      <Filter>include\bitcoin\blockchain\pools</Filter>
    </ClInclude>
    <ClInclude Include="..\..\..\..\include\bitcoin\blockchain\pools\transaction_order_calculator.hpp">
      <Filter>include\bitcoin\blockchain\pools</Filter>
    </ClInclude>
    <ClInclude Include="..\..\..\..\include\bitcoin\blockchain\pools\transaction_pool.hpp">
      <Filter>include\bitcoin\blockchain\pools</Filter>
    </ClInclude>
    <ClInclude Include="..\..\..\..\include\bitcoin\blockchain\pools\transaction_pool_state.hpp">
      <Filter>include\bitcoin\blockchain\pools</Filter>
    </ClInclude>
    <ClInclude Include="..\..\..\..\include\bitcoin\blockchain\populate\populate_base.hpp">
      <Filter>include\bitcoin\blockchain\populate</Filter>
    </ClInclude>
    <ClInclude Include="..\..\..\..\include\bitcoin\blockchain\populate\populate_block.hpp">
      <Filter>include\bitcoin\blockchain\populate</Filter>
    </ClInclude>
    <ClInclude Include="..\..\..\..\include\bitcoin\blockchain\populate\populate_chain_state.hpp">
      <Filter>include\bitcoin\blockchain\populate</Filter>
    </ClInclude>
    <ClInclude Include="..\..\..\..\include\bitcoin\blockchain\populate\populate_header.hpp">
      <Filter>include\bitcoin\blockchain\populate</Filter>
    </ClInclude>
    <ClInclude Include="..\..\..\..\include\bitcoin\blockchain\populate\populate_transaction.hpp">
      <Filter>include\bitcoin\blockchain\populate</Filter>
    </ClInclude>
    <ClInclude Include="..\..\..\..\include\bitcoin\blockchain\settings.hpp">
      <Filter>include\bitcoin\blockchain</Filter>
    </ClInclude>
    <ClInclude Include="..\..\..\..\include\bitcoin\blockchain\validate\validate_block.hpp">
      <Filter>include\bitcoin\blockchain\validate</Filter>
    </ClInclude>
    <ClInclude Include="..\..\..\..\include\bitcoin\blockchain\validate\validate_header.hpp">
      <Filter>include\bitcoin\blockchain\validate</Filter>
    </ClInclude>
    <ClInclude Include="..\..\..\..\include\bitcoin\blockchain\validate\validate_input.hpp">
      <Filter>include\bitcoin\blockchain\validate</Filter>
    </ClInclude>
    <ClInclude Include="..\..\..\..\include\bitcoin\blockchain\validate\validate_transaction.hpp">
      <Filter>include\bitcoin\blockchain\validate</Filter>
    </ClInclude>
    <ClInclude Include="..\..\..\..\include\bitcoin\blockchain\version.hpp">
      <Filter>include\bitcoin\blockchain</Filter>
    </ClInclude>
  </ItemGroup>
  <ItemGroup>
    <None Include="packages.config" />
  </ItemGroup>
</Project>
