<?xml version="1.0" encoding="utf-8"?>
<!--
 |  Copyright (c) 2014-2021 libbitcoin-blockchain developers (see COPYING).
 |
 |         GENERATED SOURCE CODE, DO NOT EDIT EXCEPT EXPERIMENTALLY
 |
 -->
<Project DefaultTargets="Build" ToolsVersion="15.0" xmlns="http://schemas.microsoft.com/developer/msbuild/2003">
  <ItemGroup>
    <Filter Include="include">
      <UniqueIdentifier>{868DAB9E-FD33-497F-0000-000000000001}</UniqueIdentifier>
    </Filter>
    <Filter Include="include\bitcoin">
      <UniqueIdentifier>{868DAB9E-FD33-497F-0000-000000000002}</UniqueIdentifier>
    </Filter>
    <Filter Include="include\bitcoin\blockchain">
      <UniqueIdentifier>{868DAB9E-FD33-497F-0000-000000000003}</UniqueIdentifier>
    </Filter>
    <Filter Include="resource">
      <UniqueIdentifier>{868DAB9E-FD33-497F-0000-000000000004}</UniqueIdentifier>
    </Filter>
    <Filter Include="src">
      <UniqueIdentifier>{868DAB9E-FD33-497F-0000-000000000000}</UniqueIdentifier>
    </Filter>
  </ItemGroup>
  <ItemGroup>
    <ClCompile Include="..\..\..\..\src\error.cpp">
      <Filter>src</Filter>
    </ClCompile>
    <ClCompile Include="..\..\..\..\src\settings.cpp">
      <Filter>src</Filter>
    </ClCompile>
  </ItemGroup>
  <ItemGroup>
    <ClInclude Include="..\..\..\..\include\bitcoin\blockchain.hpp">
      <Filter>include\bitcoin</Filter>
    </ClInclude>
    <ClInclude Include="..\..\..\..\include\bitcoin\blockchain\define.hpp">
      <Filter>include\bitcoin\blockchain</Filter>
    </ClInclude>
    <ClInclude Include="..\..\..\..\include\bitcoin\blockchain\error.hpp">
      <Filter>include\bitcoin\blockchain</Filter>
    </ClInclude>
    <ClInclude Include="..\..\..\..\include\bitcoin\blockchain\settings.hpp">
      <Filter>include\bitcoin\blockchain</Filter>
    </ClInclude>
    <ClInclude Include="..\..\..\..\include\bitcoin\blockchain\version.hpp">
      <Filter>include\bitcoin\blockchain</Filter>
    </ClInclude>
  </ItemGroup>
  <ItemGroup>
    <None Include="packages.config" />
  </ItemGroup>
  <ItemGroup>
    <Natvis Include="..\..\debug.natvis" />
  </ItemGroup>
</Project>
