<?xml version="1.0" encoding="utf-8"?>
<!--
 |  Copyright (c) 2014-2019 libbitcoin-blockchain developers (see COPYING).
 |
 |         GENERATED SOURCE CODE, DO NOT EDIT EXCEPT EXPERIMENTALLY
 |
 -->
<Project DefaultTargets="Build" ToolsVersion="4.0" xmlns="http://schemas.microsoft.com/developer/msbuild/2003">
  <ItemGroup>
    <Filter Include="src">
      <UniqueIdentifier>{CEC6DE45-B67A-487F-0000-000000000000}</UniqueIdentifier>
    </Filter>
    <Filter Include="src\interface">
      <UniqueIdentifier>{CEC6DE45-B67A-487F-0000-000000000001}</UniqueIdentifier>
    </Filter>
    <Filter Include="src\pools">
      <UniqueIdentifier>{CEC6DE45-B67A-487F-0000-000000000002}</UniqueIdentifier>
    </Filter>
    <Filter Include="src\validators">
      <UniqueIdentifier>{CEC6DE45-B67A-487F-0000-000000000003}</UniqueIdentifier>
    </Filter>
  </ItemGroup>
  <ItemGroup>
    <ClCompile Include="..\..\..\..\test\interface\fast_chain.cpp">
      <Filter>src\interface</Filter>
    </ClCompile>
    <ClCompile Include="..\..\..\..\test\interface\safe_chain.cpp">
      <Filter>src\interface</Filter>
    </ClCompile>
    <ClCompile Include="..\..\..\..\test\main.cpp">
      <Filter>src</Filter>
    </ClCompile>
    <ClCompile Include="..\..\..\..\test\pools\anchor_converter.cpp">
      <Filter>src\pools</Filter>
    </ClCompile>
    <ClCompile Include="..\..\..\..\test\pools\block_pool.cpp">
      <Filter>src\pools</Filter>
    </ClCompile>
    <ClCompile Include="..\..\..\..\test\pools\child_closure_calculator.cpp">
      <Filter>src\pools</Filter>
    </ClCompile>
    <ClCompile Include="..\..\..\..\test\pools\conflicting_spend_remover.cpp">
      <Filter>src\pools</Filter>
    </ClCompile>
    <ClCompile Include="..\..\..\..\test\pools\header_branch.cpp">
      <Filter>src\pools</Filter>
    </ClCompile>
    <ClCompile Include="..\..\..\..\test\pools\header_entry.cpp">
      <Filter>src\pools</Filter>
    </ClCompile>
    <ClCompile Include="..\..\..\..\test\pools\header_pool.cpp">
      <Filter>src\pools</Filter>
    </ClCompile>
    <ClCompile Include="..\..\..\..\test\pools\parent_closure_calculator.cpp">
      <Filter>src\pools</Filter>
    </ClCompile>
    <ClCompile Include="..\..\..\..\test\pools\priority_calculator.cpp">
      <Filter>src\pools</Filter>
    </ClCompile>
    <ClCompile Include="..\..\..\..\test\pools\transaction_entry.cpp">
      <Filter>src\pools</Filter>
    </ClCompile>
    <ClCompile Include="..\..\..\..\test\pools\transaction_order_calculator.cpp">
      <Filter>src\pools</Filter>
    </ClCompile>
    <ClCompile Include="..\..\..\..\test\pools\transaction_pool.cpp">
      <Filter>src\pools</Filter>
    </ClCompile>
    <ClCompile Include="..\..\..\..\test\pools\utilities.cpp">
      <Filter>src\pools</Filter>
    </ClCompile>
    <ClCompile Include="..\..\..\..\test\utility.cpp">
      <Filter>src</Filter>
    </ClCompile>
    <ClCompile Include="..\..\..\..\test\validators\validate_block.cpp">
      <Filter>src\validators</Filter>
    </ClCompile>
    <ClCompile Include="..\..\..\..\test\validators\validate_transaction.cpp">
      <Filter>src\validators</Filter>
    </ClCompile>
  </ItemGroup>
  <ItemGroup>
    <ClInclude Include="..\..\..\..\test\pools\utilities.hpp">
      <Filter>src\pools</Filter>
    </ClInclude>
    <ClInclude Include="..\..\..\..\test\utility.hpp">
      <Filter>src</Filter>
    </ClInclude>
  </ItemGroup>
  <ItemGroup>
    <None Include="packages.config" />
  </ItemGroup>
</Project>
